
Microsoft Visual Studio Solution File, Format Version 12.00
# Visual Studio Version 17
VisualStudioVersion = 17.13.35931.197 d17.13
MinimumVisualStudioVersion = 10.0.40219.1
Project("{FAE04EC0-301F-11D3-BF4B-00C04F79EFBC}") = "movieDB", "movieDB\movieDB.csproj", "{69A02C5C-31A6-4C85-89C0-4A0B2DE71DC6}"
EndProject
Global
	GlobalSection(SolutionConfigurationPlatforms) = preSolution
		Debug|Any CPU = Debug|Any CPU
		Release|Any CPU = Release|Any CPU
	EndGlobalSection
	GlobalSection(ProjectConfigurationPlatforms) = postSolution
		{69A02C5C-31A6-4C85-89C0-4A0B2DE71DC6}.Debug|Any CPU.ActiveCfg = Debug|Any CPU
		{69A02C5C-31A6-4C85-89C0-4A0B2DE71DC6}.Debug|Any CPU.Build.0 = Debug|Any CPU
		{69A02C5C-31A6-4C85-89C0-4A0B2DE71DC6}.Release|Any CPU.ActiveCfg = Release|Any CPU
		{69A02C5C-31A6-4C85-89C0-4A0B2DE71DC6}.Release|Any CPU.Build.0 = Release|Any CPU
	EndGlobalSection
	GlobalSection(SolutionProperties) = preSolution
		HideSolutionNode = FALSE
	EndGlobalSection
	GlobalSection(ExtensibilityGlobals) = postSolution
		SolutionGuid = {DD8F95B6-49C6-457B-B312-2261F8FB3022}
	EndGlobalSection
EndGlobal
